
Microsoft Visual Studio Solution File, Format Version 12.00
# Visual Studio Version 17
VisualStudioVersion = 17.7.34024.191
MinimumVisualStudioVersion = 10.0.40219.1
Project("{FAE04EC0-301F-11D3-BF4B-00C04F79EFBC}") = "ChallengeApp", "ChallengeApp\ChallengeApp.csproj", "{DB3D3765-CFB1-4D60-B0A0-DCD81FA931EA}"
EndProject
Global
	GlobalSection(SolutionConfigurationPlatforms) = preSolution
		Debug|Any CPU = Debug|Any CPU
		Release|Any CPU = Release|Any CPU
	EndGlobalSection
	GlobalSection(ProjectConfigurationPlatforms) = postSolution
		{DB3D3765-CFB1-4D60-B0A0-DCD81FA931EA}.Debug|Any CPU.ActiveCfg = Debug|Any CPU
		{DB3D3765-CFB1-4D60-B0A0-DCD81FA931EA}.Debug|Any CPU.Build.0 = Debug|Any CPU
		{DB3D3765-CFB1-4D60-B0A0-DCD81FA931EA}.Release|Any CPU.ActiveCfg = Release|Any CPU
		{DB3D3765-CFB1-4D60-B0A0-DCD81FA931EA}.Release|Any CPU.Build.0 = Release|Any CPU
	EndGlobalSection
	GlobalSection(SolutionProperties) = preSolution
		HideSolutionNode = FALSE
	EndGlobalSection
	GlobalSection(ExtensibilityGlobals) = postSolution
		SolutionGuid = {BB0DFF0E-6C1E-4B46-BE4D-CB35AD811805}
	EndGlobalSection
EndGlobal
